// !$*UTF8*$!
{
	archiveVersion = 1;
	classes = {
	};
	objectVersion = 56;
	objects = {

/* Begin PBXBuildFile section */
		EE7BA6392B8F68EC00E6F30B /* WordScrambleApp.swift in Sources */ = {isa = PBXBuildFile; fileRef = EE7BA6382B8F68EC00E6F30B /* WordScrambleApp.swift */; };
		EE7BA63B2B8F68EC00E6F30B /* ContentView.swift in Sources */ = {isa = PBXBuildFile; fileRef = EE7BA63A2B8F68EC00E6F30B /* ContentView.swift */; };
		EE7BA63D2B8F68ED00E6F30B /* Assets.xcassets in Resources */ = {isa = PBXBuildFile; fileRef = EE7BA63C2B8F68ED00E6F30B /* Assets.xcassets */; };
		EE7BA6402B8F68ED00E6F30B /* Preview Assets.xcassets in Resources */ = {isa = PBXBuildFile; fileRef = EE7BA63F2B8F68ED00E6F30B /* Preview Assets.xcassets */; };
		EE7BA6472B8F85C900E6F30B /* start.txt in Resources */ = {isa = PBXBuildFile; fileRef = EE7BA6462B8F85C900E6F30B /* start.txt */; };
		EEB61EEB2B960E610097B026 /* WordScrambleViewModel.swift in Sources */ = {isa = PBXBuildFile; fileRef = EEB61EEA2B960E610097B026 /* WordScrambleViewModel.swift */; };
		EEB61EED2B960FDA0097B026 /* WordScrambleView.swift in Sources */ = {isa = PBXBuildFile; fileRef = EEB61EEC2B960FDA0097B026 /* WordScrambleView.swift */; };
		EEB61EF12B9612160097B026 /* GameScoreView.swift in Sources */ = {isa = PBXBuildFile; fileRef = EEB61EF02B9612160097B026 /* GameScoreView.swift */; };
		EEB61EF32B9617C50097B026 /* GameTextInputView.swift in Sources */ = {isa = PBXBuildFile; fileRef = EEB61EF22B9617C50097B026 /* GameTextInputView.swift */; };
		EEB61EF52B9619510097B026 /* GameWordsListView.swift in Sources */ = {isa = PBXBuildFile; fileRef = EEB61EF42B9619510097B026 /* GameWordsListView.swift */; };
		EEB61F142B9663E90097B026 /* Simulator Screenshot - iPhone 15 Pro - 2024-03-04 at 16.15.30.png in Resources */ = {isa = PBXBuildFile; fileRef = EEB61F112B9663E90097B026 /* Simulator Screenshot - iPhone 15 Pro - 2024-03-04 at 16.15.30.png */; };
		EEB61F152B9663E90097B026 /* Simulator Screenshot - iPhone 15 Pro - 2024-03-04 at 16.16.54.png in Resources */ = {isa = PBXBuildFile; fileRef = EEB61F122B9663E90097B026 /* Simulator Screenshot - iPhone 15 Pro - 2024-03-04 at 16.16.54.png */; };
		EEB61F162B9663E90097B026 /* Simulator Screenshot - iPhone 15 Pro - 2024-03-04 at 16.15.20.png in Resources */ = {isa = PBXBuildFile; fileRef = EEB61F132B9663E90097B026 /* Simulator Screenshot - iPhone 15 Pro - 2024-03-04 at 16.15.20.png */; };
/* End PBXBuildFile section */

/* Begin PBXFileReference section */
		EE7BA6352B8F68EC00E6F30B /* WordScramble.app */ = {isa = PBXFileReference; explicitFileType = wrapper.application; includeInIndex = 0; path = WordScramble.app; sourceTree = BUILT_PRODUCTS_DIR; };
		EE7BA6382B8F68EC00E6F30B /* WordScrambleApp.swift */ = {isa = PBXFileReference; lastKnownFileType = sourcecode.swift; path = WordScrambleApp.swift; sourceTree = "<group>"; };
		EE7BA63A2B8F68EC00E6F30B /* ContentView.swift */ = {isa = PBXFileReference; lastKnownFileType = sourcecode.swift; path = ContentView.swift; sourceTree = "<group>"; };
		EE7BA63C2B8F68ED00E6F30B /* Assets.xcassets */ = {isa = PBXFileReference; lastKnownFileType = folder.assetcatalog; path = Assets.xcassets; sourceTree = "<group>"; };
		EE7BA63F2B8F68ED00E6F30B /* Preview Assets.xcassets */ = {isa = PBXFileReference; lastKnownFileType = folder.assetcatalog; path = "Preview Assets.xcassets"; sourceTree = "<group>"; };
		EE7BA6462B8F85C900E6F30B /* start.txt */ = {isa = PBXFileReference; fileEncoding = 4; lastKnownFileType = text; path = start.txt; sourceTree = "<group>"; };
		EEB61EEA2B960E610097B026 /* WordScrambleViewModel.swift */ = {isa = PBXFileReference; lastKnownFileType = sourcecode.swift; path = WordScrambleViewModel.swift; sourceTree = "<group>"; };
		EEB61EEC2B960FDA0097B026 /* WordScrambleView.swift */ = {isa = PBXFileReference; lastKnownFileType = sourcecode.swift; path = WordScrambleView.swift; sourceTree = "<group>"; };
		EEB61EF02B9612160097B026 /* GameScoreView.swift */ = {isa = PBXFileReference; lastKnownFileType = sourcecode.swift; path = GameScoreView.swift; sourceTree = "<group>"; };
		EEB61EF22B9617C50097B026 /* GameTextInputView.swift */ = {isa = PBXFileReference; lastKnownFileType = sourcecode.swift; path = GameTextInputView.swift; sourceTree = "<group>"; };
		EEB61EF42B9619510097B026 /* GameWordsListView.swift */ = {isa = PBXFileReference; lastKnownFileType = sourcecode.swift; path = GameWordsListView.swift; sourceTree = "<group>"; };
		EEB61F112B9663E90097B026 /* Simulator Screenshot - iPhone 15 Pro - 2024-03-04 at 16.15.30.png */ = {isa = PBXFileReference; lastKnownFileType = image.png; path = "Simulator Screenshot - iPhone 15 Pro - 2024-03-04 at 16.15.30.png"; sourceTree = "<group>"; };
		EEB61F122B9663E90097B026 /* Simulator Screenshot - iPhone 15 Pro - 2024-03-04 at 16.16.54.png */ = {isa = PBXFileReference; lastKnownFileType = image.png; path = "Simulator Screenshot - iPhone 15 Pro - 2024-03-04 at 16.16.54.png"; sourceTree = "<group>"; };
		EEB61F132B9663E90097B026 /* Simulator Screenshot - iPhone 15 Pro - 2024-03-04 at 16.15.20.png */ = {isa = PBXFileReference; lastKnownFileType = image.png; path = "Simulator Screenshot - iPhone 15 Pro - 2024-03-04 at 16.15.20.png"; sourceTree = "<group>"; };
/* End PBXFileReference section */

/* Begin PBXFrameworksBuildPhase section */
		EE7BA6322B8F68EC00E6F30B /* Frameworks */ = {
			isa = PBXFrameworksBuildPhase;
			buildActionMask = 2147483647;
			files = (
			);
			runOnlyForDeploymentPostprocessing = 0;
		};
/* End PBXFrameworksBuildPhase section */

/* Begin PBXGroup section */
		EE7BA62C2B8F68EC00E6F30B = {
			isa = PBXGroup;
			children = (
				EEB61F102B9660B10097B026 /* Resources */,
				EE7BA6372B8F68EC00E6F30B /* WordScramble */,
				EE7BA6362B8F68EC00E6F30B /* Products */,
			);
			sourceTree = "<group>";
		};
		EE7BA6362B8F68EC00E6F30B /* Products */ = {
			isa = PBXGroup;
			children = (
				EE7BA6352B8F68EC00E6F30B /* WordScramble.app */,
			);
			name = Products;
			sourceTree = "<group>";
		};
		EE7BA6372B8F68EC00E6F30B /* WordScramble */ = {
			isa = PBXGroup;
			children = (
				EEB61EEF2B96116D0097B026 /* Components */,
				EEB61EE82B960E350097B026 /* View */,
				EE7BA6382B8F68EC00E6F30B /* WordScrambleApp.swift */,
				EE7BA63A2B8F68EC00E6F30B /* ContentView.swift */,
				EE7BA6462B8F85C900E6F30B /* start.txt */,
				EE7BA63C2B8F68ED00E6F30B /* Assets.xcassets */,
				EE7BA63E2B8F68ED00E6F30B /* Preview Content */,
			);
			path = WordScramble;
			sourceTree = "<group>";
		};
		EE7BA63E2B8F68ED00E6F30B /* Preview Content */ = {
			isa = PBXGroup;
			children = (
				EE7BA63F2B8F68ED00E6F30B /* Preview Assets.xcassets */,
			);
			path = "Preview Content";
			sourceTree = "<group>";
		};
		EEB61EE82B960E350097B026 /* View */ = {
			isa = PBXGroup;
			children = (
				EEB61EEA2B960E610097B026 /* WordScrambleViewModel.swift */,
				EEB61EEC2B960FDA0097B026 /* WordScrambleView.swift */,
			);
			path = View;
			sourceTree = "<group>";
		};
		EEB61EEF2B96116D0097B026 /* Components */ = {
			isa = PBXGroup;
			children = (
				EEB61EF02B9612160097B026 /* GameScoreView.swift */,
				EEB61EF22B9617C50097B026 /* GameTextInputView.swift */,
				EEB61EF42B9619510097B026 /* GameWordsListView.swift */,
			);
			path = Components;
			sourceTree = "<group>";
		};
		EEB61F102B9660B10097B026 /* Resources */ = {
			isa = PBXGroup;
			children = (
				EEB61F132B9663E90097B026 /* Simulator Screenshot - iPhone 15 Pro - 2024-03-04 at 16.15.20.png */,
				EEB61F112B9663E90097B026 /* Simulator Screenshot - iPhone 15 Pro - 2024-03-04 at 16.15.30.png */,
				EEB61F122B9663E90097B026 /* Simulator Screenshot - iPhone 15 Pro - 2024-03-04 at 16.16.54.png */,
			);
			path = Resources;
			sourceTree = "<group>";
		};
/* End PBXGroup section */

/* Begin PBXNativeTarget section */
		EE7BA6342B8F68EC00E6F30B /* WordScramble */ = {
			isa = PBXNativeTarget;
			buildConfigurationList = EE7BA6432B8F68ED00E6F30B /* Build configuration list for PBXNativeTarget "WordScramble" */;
			buildPhases = (
				EE7BA6312B8F68EC00E6F30B /* Sources */,
				EE7BA6322B8F68EC00E6F30B /* Frameworks */,
				EE7BA6332B8F68EC00E6F30B /* Resources */,
			);
			buildRules = (
			);
			dependencies = (
			);
			name = WordScramble;
			productName = WordScramble;
			productReference = EE7BA6352B8F68EC00E6F30B /* WordScramble.app */;
			productType = "com.apple.product-type.application";
		};
/* End PBXNativeTarget section */

/* Begin PBXProject section */
		EE7BA62D2B8F68EC00E6F30B /* Project object */ = {
			isa = PBXProject;
			attributes = {
				BuildIndependentTargetsInParallel = 1;
				LastSwiftUpdateCheck = 1520;
				LastUpgradeCheck = 1520;
				TargetAttributes = {
					EE7BA6342B8F68EC00E6F30B = {
						CreatedOnToolsVersion = 15.2;
					};
				};
			};
			buildConfigurationList = EE7BA6302B8F68EC00E6F30B /* Build configuration list for PBXProject "WordScramble" */;
			compatibilityVersion = "Xcode 14.0";
			developmentRegion = en;
			hasScannedForEncodings = 0;
			knownRegions = (
				en,
				Base,
			);
			mainGroup = EE7BA62C2B8F68EC00E6F30B;
			productRefGroup = EE7BA6362B8F68EC00E6F30B /* Products */;
			projectDirPath = "";
			projectRoot = "";
			targets = (
				EE7BA6342B8F68EC00E6F30B /* WordScramble */,
			);
		};
/* End PBXProject section */

/* Begin PBXResourcesBuildPhase section */
		EE7BA6332B8F68EC00E6F30B /* Resources */ = {
			isa = PBXResourcesBuildPhase;
			buildActionMask = 2147483647;
			files = (
				EEB61F152B9663E90097B026 /* Simulator Screenshot - iPhone 15 Pro - 2024-03-04 at 16.16.54.png in Resources */,
				EEB61F162B9663E90097B026 /* Simulator Screenshot - iPhone 15 Pro - 2024-03-04 at 16.15.20.png in Resources */,
				EEB61F142B9663E90097B026 /* Simulator Screenshot - iPhone 15 Pro - 2024-03-04 at 16.15.30.png in Resources */,
				EE7BA6402B8F68ED00E6F30B /* Preview Assets.xcassets in Resources */,
				EE7BA6472B8F85C900E6F30B /* start.txt in Resources */,
				EE7BA63D2B8F68ED00E6F30B /* Assets.xcassets in Resources */,
			);
			runOnlyForDeploymentPostprocessing = 0;
		};
/* End PBXResourcesBuildPhase section */

/* Begin PBXSourcesBuildPhase section */
		EE7BA6312B8F68EC00E6F30B /* Sources */ = {
			isa = PBXSourcesBuildPhase;
			buildActionMask = 2147483647;
			files = (
				EEB61EF12B9612160097B026 /* GameScoreView.swift in Sources */,
				EEB61EEB2B960E610097B026 /* WordScrambleViewModel.swift in Sources */,
				EEB61EF52B9619510097B026 /* GameWordsListView.swift in Sources */,
				EEB61EED2B960FDA0097B026 /* WordScrambleView.swift in Sources */,
				EE7BA63B2B8F68EC00E6F30B /* ContentView.swift in Sources */,
				EEB61EF32B9617C50097B026 /* GameTextInputView.swift in Sources */,
				EE7BA6392B8F68EC00E6F30B /* WordScrambleApp.swift in Sources */,
			);
			runOnlyForDeploymentPostprocessing = 0;
		};
/* End PBXSourcesBuildPhase section */

/* Begin XCBuildConfiguration section */
		EE7BA6412B8F68ED00E6F30B /* Debug */ = {
			isa = XCBuildConfiguration;
			buildSettings = {
				ALWAYS_SEARCH_USER_PATHS = NO;
				ASSETCATALOG_COMPILER_GENERATE_SWIFT_ASSET_SYMBOL_EXTENSIONS = YES;
				CLANG_ANALYZER_NONNULL = YES;
				CLANG_ANALYZER_NUMBER_OBJECT_CONVERSION = YES_AGGRESSIVE;
				CLANG_CXX_LANGUAGE_STANDARD = "gnu++20";
				CLANG_ENABLE_MODULES = YES;
				CLANG_ENABLE_OBJC_ARC = YES;
				CLANG_ENABLE_OBJC_WEAK = YES;
				CLANG_WARN_BLOCK_CAPTURE_AUTORELEASING = YES;
				CLANG_WARN_BOOL_CONVERSION = YES;
				CLANG_WARN_COMMA = YES;
				CLANG_WARN_CONSTANT_CONVERSION = YES;
				CLANG_WARN_DEPRECATED_OBJC_IMPLEMENTATIONS = YES;
				CLANG_WARN_DIRECT_OBJC_ISA_USAGE = YES_ERROR;
				CLANG_WARN_DOCUMENTATION_COMMENTS = YES;
				CLANG_WARN_EMPTY_BODY = YES;
				CLANG_WARN_ENUM_CONVERSION = YES;
				CLANG_WARN_INFINITE_RECURSION = YES;
				CLANG_WARN_INT_CONVERSION = YES;
				CLANG_WARN_NON_LITERAL_NULL_CONVERSION = YES;
				CLANG_WARN_OBJC_IMPLICIT_RETAIN_SELF = YES;
				CLANG_WARN_OBJC_LITERAL_CONVERSION = YES;
				CLANG_WARN_OBJC_ROOT_CLASS = YES_ERROR;
				CLANG_WARN_QUOTED_INCLUDE_IN_FRAMEWORK_HEADER = YES;
				CLANG_WARN_RANGE_LOOP_ANALYSIS = YES;
				CLANG_WARN_STRICT_PROTOTYPES = YES;
				CLANG_WARN_SUSPICIOUS_MOVE = YES;
				CLANG_WARN_UNGUARDED_AVAILABILITY = YES_AGGRESSIVE;
				CLANG_WARN_UNREACHABLE_CODE = YES;
				CLANG_WARN__DUPLICATE_METHOD_MATCH = YES;
				COPY_PHASE_STRIP = NO;
				DEBUG_INFORMATION_FORMAT = dwarf;
				ENABLE_STRICT_OBJC_MSGSEND = YES;
				ENABLE_TESTABILITY = YES;
				ENABLE_USER_SCRIPT_SANDBOXING = YES;
				GCC_C_LANGUAGE_STANDARD = gnu17;
				GCC_DYNAMIC_NO_PIC = NO;
				GCC_NO_COMMON_BLOCKS = YES;
				GCC_OPTIMIZATION_LEVEL = 0;
				GCC_PREPROCESSOR_DEFINITIONS = (
					"DEBUG=1",
					"$(inherited)",
				);
				GCC_WARN_64_TO_32_BIT_CONVERSION = YES;
				GCC_WARN_ABOUT_RETURN_TYPE = YES_ERROR;
				GCC_WARN_UNDECLARED_SELECTOR = YES;
				GCC_WARN_UNINITIALIZED_AUTOS = YES_AGGRESSIVE;
				GCC_WARN_UNUSED_FUNCTION = YES;
				GCC_WARN_UNUSED_VARIABLE = YES;
				IPHONEOS_DEPLOYMENT_TARGET = 17.2;
				LOCALIZATION_PREFERS_STRING_CATALOGS = YES;
				MTL_ENABLE_DEBUG_INFO = INCLUDE_SOURCE;
				MTL_FAST_MATH = YES;
				ONLY_ACTIVE_ARCH = YES;
				SDKROOT = iphoneos;
				SWIFT_ACTIVE_COMPILATION_CONDITIONS = "DEBUG $(inherited)";
				SWIFT_OPTIMIZATION_LEVEL = "-Onone";
			};
			name = Debug;
		};
		EE7BA6422B8F68ED00E6F30B /* Release */ = {
			isa = XCBuildConfiguration;
			buildSettings = {
				ALWAYS_SEARCH_USER_PATHS = NO;
				ASSETCATALOG_COMPILER_GENERATE_SWIFT_ASSET_SYMBOL_EXTENSIONS = YES;
				CLANG_ANALYZER_NONNULL = YES;
				CLANG_ANALYZER_NUMBER_OBJECT_CONVERSION = YES_AGGRESSIVE;
				CLANG_CXX_LANGUAGE_STANDARD = "gnu++20";
				CLANG_ENABLE_MODULES = YES;
				CLANG_ENABLE_OBJC_ARC = YES;
				CLANG_ENABLE_OBJC_WEAK = YES;
				CLANG_WARN_BLOCK_CAPTURE_AUTORELEASING = YES;
				CLANG_WARN_BOOL_CONVERSION = YES;
				CLANG_WARN_COMMA = YES;
				CLANG_WARN_CONSTANT_CONVERSION = YES;
				CLANG_WARN_DEPRECATED_OBJC_IMPLEMENTATIONS = YES;
				CLANG_WARN_DIRECT_OBJC_ISA_USAGE = YES_ERROR;
				CLANG_WARN_DOCUMENTATION_COMMENTS = YES;
				CLANG_WARN_EMPTY_BODY = YES;
				CLANG_WARN_ENUM_CONVERSION = YES;
				CLANG_WARN_INFINITE_RECURSION = YES;
				CLANG_WARN_INT_CONVERSION = YES;
				CLANG_WARN_NON_LITERAL_NULL_CONVERSION = YES;
				CLANG_WARN_OBJC_IMPLICIT_RETAIN_SELF = YES;
				CLANG_WARN_OBJC_LITERAL_CONVERSION = YES;
				CLANG_WARN_OBJC_ROOT_CLASS = YES_ERROR;
				CLANG_WARN_QUOTED_INCLUDE_IN_FRAMEWORK_HEADER = YES;
				CLANG_WARN_RANGE_LOOP_ANALYSIS = YES;
				CLANG_WARN_STRICT_PROTOTYPES = YES;
				CLANG_WARN_SUSPICIOUS_MOVE = YES;
				CLANG_WARN_UNGUARDED_AVAILABILITY = YES_AGGRESSIVE;
				CLANG_WARN_UNREACHABLE_CODE = YES;
				CLANG_WARN__DUPLICATE_METHOD_MATCH = YES;
				COPY_PHASE_STRIP = NO;
				DEBUG_INFORMATION_FORMAT = "dwarf-with-dsym";
				ENABLE_NS_ASSERTIONS = NO;
				ENABLE_STRICT_OBJC_MSGSEND = YES;
				ENABLE_USER_SCRIPT_SANDBOXING = YES;
				GCC_C_LANGUAGE_STANDARD = gnu17;
				GCC_NO_COMMON_BLOCKS = YES;
				GCC_WARN_64_TO_32_BIT_CONVERSION = YES;
				GCC_WARN_ABOUT_RETURN_TYPE = YES_ERROR;
				GCC_WARN_UNDECLARED_SELECTOR = YES;
				GCC_WARN_UNINITIALIZED_AUTOS = YES_AGGRESSIVE;
				GCC_WARN_UNUSED_FUNCTION = YES;
				GCC_WARN_UNUSED_VARIABLE = YES;
				IPHONEOS_DEPLOYMENT_TARGET = 17.2;
				LOCALIZATION_PREFERS_STRING_CATALOGS = YES;
				MTL_ENABLE_DEBUG_INFO = NO;
				MTL_FAST_MATH = YES;
				SDKROOT = iphoneos;
				SWIFT_COMPILATION_MODE = wholemodule;
				VALIDATE_PRODUCT = YES;
			};
			name = Release;
		};
		EE7BA6442B8F68ED00E6F30B /* Debug */ = {
			isa = XCBuildConfiguration;
			buildSettings = {
				ASSETCATALOG_COMPILER_APPICON_NAME = AppIcon;
				ASSETCATALOG_COMPILER_GLOBAL_ACCENT_COLOR_NAME = AccentColor;
				CODE_SIGN_STYLE = Automatic;
				CURRENT_PROJECT_VERSION = 1;
				DEVELOPMENT_ASSET_PATHS = "\"WordScramble/Preview Content\"";
				DEVELOPMENT_TEAM = 95S4YF8VTJ;
				ENABLE_PREVIEWS = YES;
				GENERATE_INFOPLIST_FILE = YES;
				INFOPLIST_KEY_UIApplicationSceneManifest_Generation = YES;
				INFOPLIST_KEY_UIApplicationSupportsIndirectInputEvents = YES;
				INFOPLIST_KEY_UILaunchScreen_Generation = YES;
				INFOPLIST_KEY_UISupportedInterfaceOrientations_iPad = "UIInterfaceOrientationPortrait UIInterfaceOrientationPortraitUpsideDown UIInterfaceOrientationLandscapeLeft UIInterfaceOrientationLandscapeRight";
				INFOPLIST_KEY_UISupportedInterfaceOrientations_iPhone = "UIInterfaceOrientationPortrait UIInterfaceOrientationLandscapeLeft UIInterfaceOrientationLandscapeRight";
				LD_RUNPATH_SEARCH_PATHS = (
					"$(inherited)",
					"@executable_path/Frameworks",
				);
				MARKETING_VERSION = 1.0;
				PRODUCT_BUNDLE_IDENTIFIER = com.lugo.reiwil.WordScramble;
				PRODUCT_NAME = "$(TARGET_NAME)";
				SWIFT_EMIT_LOC_STRINGS = YES;
				SWIFT_VERSION = 5.0;
				TARGETED_DEVICE_FAMILY = "1,2";
			};
			name = Debug;
		};
		EE7BA6452B8F68ED00E6F30B /* Release */ = {
			isa = XCBuildConfiguration;
			buildSettings = {
				ASSETCATALOG_COMPILER_APPICON_NAME = AppIcon;
				ASSETCATALOG_COMPILER_GLOBAL_ACCENT_COLOR_NAME = AccentColor;
				CODE_SIGN_STYLE = Automatic;
				CURRENT_PROJECT_VERSION = 1;
				DEVELOPMENT_ASSET_PATHS = "\"WordScramble/Preview Content\"";
				DEVELOPMENT_TEAM = 95S4YF8VTJ;
				ENABLE_PREVIEWS = YES;
				GENERATE_INFOPLIST_FILE = YES;
				INFOPLIST_KEY_UIApplicationSceneManifest_Generation = YES;
				INFOPLIST_KEY_UIApplicationSupportsIndirectInputEvents = YES;
				INFOPLIST_KEY_UILaunchScreen_Generation = YES;
				INFOPLIST_KEY_UISupportedInterfaceOrientations_iPad = "UIInterfaceOrientationPortrait UIInterfaceOrientationPortraitUpsideDown UIInterfaceOrientationLandscapeLeft UIInterfaceOrientationLandscapeRight";
				INFOPLIST_KEY_UISupportedInterfaceOrientations_iPhone = "UIInterfaceOrientationPortrait UIInterfaceOrientationLandscapeLeft UIInterfaceOrientationLandscapeRight";
				LD_RUNPATH_SEARCH_PATHS = (
					"$(inherited)",
					"@executable_path/Frameworks",
				);
				MARKETING_VERSION = 1.0;
				PRODUCT_BUNDLE_IDENTIFIER = com.lugo.reiwil.WordScramble;
				PRODUCT_NAME = "$(TARGET_NAME)";
				SWIFT_EMIT_LOC_STRINGS = YES;
				SWIFT_VERSION = 5.0;
				TARGETED_DEVICE_FAMILY = "1,2";
			};
			name = Release;
		};
/* End XCBuildConfiguration section */

/* Begin XCConfigurationList section */
		EE7BA6302B8F68EC00E6F30B /* Build configuration list for PBXProject "WordScramble" */ = {
			isa = XCConfigurationList;
			buildConfigurations = (
				EE7BA6412B8F68ED00E6F30B /* Debug */,
				EE7BA6422B8F68ED00E6F30B /* Release */,
			);
			defaultConfigurationIsVisible = 0;
			defaultConfigurationName = Release;
		};
		EE7BA6432B8F68ED00E6F30B /* Build configuration list for PBXNativeTarget "WordScramble" */ = {
			isa = XCConfigurationList;
			buildConfigurations = (
				EE7BA6442B8F68ED00E6F30B /* Debug */,
				EE7BA6452B8F68ED00E6F30B /* Release */,
			);
			defaultConfigurationIsVisible = 0;
			defaultConfigurationName = Release;
		};
/* End XCConfigurationList section */
	};
	rootObject = EE7BA62D2B8F68EC00E6F30B /* Project object */;
}
